// !$*UTF8*$!
{
	archiveVersion = 1;
	classes = {
	};
	objectVersion = 46;
	objects = {

/* Begin PBXBuildFile section */
		7C05CF151CAD95E70026F48C /* CommonVC.swift in Sources */ = {isa = PBXBuildFile; fileRef = 7C05CF141CAD95E70026F48C /* CommonVC.swift */; };
		7C05CF171CAD991D0026F48C /* NearbyCell.swift in Sources */ = {isa = PBXBuildFile; fileRef = 7C05CF161CAD991D0026F48C /* NearbyCell.swift */; };
		7C05CF191CAD99710026F48C /* FeaturedCell.swift in Sources */ = {isa = PBXBuildFile; fileRef = 7C05CF181CAD99710026F48C /* FeaturedCell.swift */; };
		7C05CF1B1CAD99A20026F48C /* NetworkCell.swift in Sources */ = {isa = PBXBuildFile; fileRef = 7C05CF1A1CAD99A20026F48C /* NetworkCell.swift */; };
		7C05CF1D1CAD99F60026F48C /* NearbyVC.swift in Sources */ = {isa = PBXBuildFile; fileRef = 7C05CF1C1CAD99F60026F48C /* NearbyVC.swift */; };
		7C05CF1F1CAD9A620026F48C /* FeatureVC.swift in Sources */ = {isa = PBXBuildFile; fileRef = 7C05CF1E1CAD9A620026F48C /* FeatureVC.swift */; };
		7C05CF211CAD9A9F0026F48C /* NetworkVC.swift in Sources */ = {isa = PBXBuildFile; fileRef = 7C05CF201CAD9A9F0026F48C /* NetworkVC.swift */; };
		7C05CF231CADA71E0026F48C /* NWClouter.swift in Sources */ = {isa = PBXBuildFile; fileRef = 7C05CF221CADA71E0026F48C /* NWClouter.swift */; };
		7C05CF251CADA73A0026F48C /* FBusiness.swift in Sources */ = {isa = PBXBuildFile; fileRef = 7C05CF241CADA73A0026F48C /* FBusiness.swift */; };
		7C05CF271CADA7490026F48C /* NBBusiness.swift in Sources */ = {isa = PBXBuildFile; fileRef = 7C05CF261CADA7490026F48C /* NBBusiness.swift */; };
		7C05CF291CADAD770026F48C /* clouter.jpg in Resources */ = {isa = PBXBuildFile; fileRef = 7C05CF281CADAD770026F48C /* clouter.jpg */; };
		7C64681E1CA9072A00BB1B83 /* AppDelegate.swift in Sources */ = {isa = PBXBuildFile; fileRef = 7C64681D1CA9072A00BB1B83 /* AppDelegate.swift */; };
		7C6468201CA9072A00BB1B83 /* ViewController.swift in Sources */ = {isa = PBXBuildFile; fileRef = 7C64681F1CA9072A00BB1B83 /* ViewController.swift */; };
		7C6468231CA9072A00BB1B83 /* Main.storyboard in Resources */ = {isa = PBXBuildFile; fileRef = 7C6468211CA9072A00BB1B83 /* Main.storyboard */; };
		7C6468261CA9072A00BB1B83 /* Clout.xcdatamodeld in Sources */ = {isa = PBXBuildFile; fileRef = 7C6468241CA9072A00BB1B83 /* Clout.xcdatamodeld */; };
		7C6468281CA9072A00BB1B83 /* Assets.xcassets in Resources */ = {isa = PBXBuildFile; fileRef = 7C6468271CA9072A00BB1B83 /* Assets.xcassets */; };
		7C64682B1CA9072A00BB1B83 /* LaunchScreen.storyboard in Resources */ = {isa = PBXBuildFile; fileRef = 7C6468291CA9072A00BB1B83 /* LaunchScreen.storyboard */; };
/* End PBXBuildFile section */

/* Begin PBXFileReference section */
		7C05CF141CAD95E70026F48C /* CommonVC.swift */ = {isa = PBXFileReference; fileEncoding = 4; lastKnownFileType = sourcecode.swift; path = CommonVC.swift; sourceTree = "<group>"; };
		7C05CF161CAD991D0026F48C /* NearbyCell.swift */ = {isa = PBXFileReference; fileEncoding = 4; lastKnownFileType = sourcecode.swift; path = NearbyCell.swift; sourceTree = "<group>"; };
		7C05CF181CAD99710026F48C /* FeaturedCell.swift */ = {isa = PBXFileReference; fileEncoding = 4; lastKnownFileType = sourcecode.swift; path = FeaturedCell.swift; sourceTree = "<group>"; };
		7C05CF1A1CAD99A20026F48C /* NetworkCell.swift */ = {isa = PBXFileReference; fileEncoding = 4; lastKnownFileType = sourcecode.swift; path = NetworkCell.swift; sourceTree = "<group>"; };
		7C05CF1C1CAD99F60026F48C /* NearbyVC.swift */ = {isa = PBXFileReference; fileEncoding = 4; lastKnownFileType = sourcecode.swift; path = NearbyVC.swift; sourceTree = "<group>"; };
		7C05CF1E1CAD9A620026F48C /* FeatureVC.swift */ = {isa = PBXFileReference; fileEncoding = 4; lastKnownFileType = sourcecode.swift; path = FeatureVC.swift; sourceTree = "<group>"; };
		7C05CF201CAD9A9F0026F48C /* NetworkVC.swift */ = {isa = PBXFileReference; fileEncoding = 4; lastKnownFileType = sourcecode.swift; path = NetworkVC.swift; sourceTree = "<group>"; };
		7C05CF221CADA71E0026F48C /* NWClouter.swift */ = {isa = PBXFileReference; fileEncoding = 4; lastKnownFileType = sourcecode.swift; path = NWClouter.swift; sourceTree = "<group>"; };
		7C05CF241CADA73A0026F48C /* FBusiness.swift */ = {isa = PBXFileReference; fileEncoding = 4; lastKnownFileType = sourcecode.swift; path = FBusiness.swift; sourceTree = "<group>"; };
		7C05CF261CADA7490026F48C /* NBBusiness.swift */ = {isa = PBXFileReference; fileEncoding = 4; lastKnownFileType = sourcecode.swift; path = NBBusiness.swift; sourceTree = "<group>"; };
		7C05CF281CADAD770026F48C /* clouter.jpg */ = {isa = PBXFileReference; lastKnownFileType = image.jpeg; path = clouter.jpg; sourceTree = "<group>"; };
		7C64681A1CA9072900BB1B83 /* Clout.app */ = {isa = PBXFileReference; explicitFileType = wrapper.application; includeInIndex = 0; path = Clout.app; sourceTree = BUILT_PRODUCTS_DIR; };
		7C64681D1CA9072A00BB1B83 /* AppDelegate.swift */ = {isa = PBXFileReference; lastKnownFileType = sourcecode.swift; path = AppDelegate.swift; sourceTree = "<group>"; };
		7C64681F1CA9072A00BB1B83 /* ViewController.swift */ = {isa = PBXFileReference; lastKnownFileType = sourcecode.swift; path = ViewController.swift; sourceTree = "<group>"; };
		7C6468221CA9072A00BB1B83 /* Base */ = {isa = PBXFileReference; lastKnownFileType = file.storyboard; name = Base; path = Base.lproj/Main.storyboard; sourceTree = "<group>"; };
		7C6468251CA9072A00BB1B83 /* Clout.xcdatamodel */ = {isa = PBXFileReference; lastKnownFileType = wrapper.xcdatamodel; path = Clout.xcdatamodel; sourceTree = "<group>"; };
		7C6468271CA9072A00BB1B83 /* Assets.xcassets */ = {isa = PBXFileReference; lastKnownFileType = folder.assetcatalog; path = Assets.xcassets; sourceTree = "<group>"; };
		7C64682A1CA9072A00BB1B83 /* Base */ = {isa = PBXFileReference; lastKnownFileType = file.storyboard; name = Base; path = Base.lproj/LaunchScreen.storyboard; sourceTree = "<group>"; };
		7C64682C1CA9072A00BB1B83 /* Info.plist */ = {isa = PBXFileReference; lastKnownFileType = text.plist.xml; path = Info.plist; sourceTree = "<group>"; };
/* End PBXFileReference section */

/* Begin PBXFrameworksBuildPhase section */
		7C6468171CA9072900BB1B83 /* Frameworks */ = {
			isa = PBXFrameworksBuildPhase;
			buildActionMask = 2147483647;
			files = (
			);
			runOnlyForDeploymentPostprocessing = 0;
		};
/* End PBXFrameworksBuildPhase section */

/* Begin PBXGroup section */
		7C6468111CA9072900BB1B83 = {
			isa = PBXGroup;
			children = (
				7C64681C1CA9072A00BB1B83 /* Clout */,
				7C64681B1CA9072900BB1B83 /* Products */,
			);
			sourceTree = "<group>";
		};
		7C64681B1CA9072900BB1B83 /* Products */ = {
			isa = PBXGroup;
			children = (
				7C64681A1CA9072900BB1B83 /* Clout.app */,
			);
			name = Products;
			sourceTree = "<group>";
		};
		7C64681C1CA9072A00BB1B83 /* Clout */ = {
			isa = PBXGroup;
			children = (
				7C83062C1CAC753500400035 /* Model */,
				7C83062B1CAC752E00400035 /* View */,
				7C83062A1CAC752600400035 /* Controller */,
				7C8306291CAC751800400035 /* Utilities */,
				7C64682C1CA9072A00BB1B83 /* Info.plist */,
			);
			path = Clout;
			sourceTree = "<group>";
		};
		7C8306291CAC751800400035 /* Utilities */ = {
			isa = PBXGroup;
			children = (
				7C05CF281CADAD770026F48C /* clouter.jpg */,
			);
			name = Utilities;
			sourceTree = "<group>";
		};
		7C83062A1CAC752600400035 /* Controller */ = {
			isa = PBXGroup;
			children = (
				7C64681D1CA9072A00BB1B83 /* AppDelegate.swift */,
				7C64681F1CA9072A00BB1B83 /* ViewController.swift */,
				7C05CF141CAD95E70026F48C /* CommonVC.swift */,
				7C05CF1C1CAD99F60026F48C /* NearbyVC.swift */,
				7C05CF1E1CAD9A620026F48C /* FeatureVC.swift */,
				7C05CF201CAD9A9F0026F48C /* NetworkVC.swift */,
			);
			name = Controller;
			sourceTree = "<group>";
		};
		7C83062B1CAC752E00400035 /* View */ = {
			isa = PBXGroup;
			children = (
				7C6468291CA9072A00BB1B83 /* LaunchScreen.storyboard */,
				7C6468211CA9072A00BB1B83 /* Main.storyboard */,
				7C6468271CA9072A00BB1B83 /* Assets.xcassets */,
				7C05CF161CAD991D0026F48C /* NearbyCell.swift */,
				7C05CF181CAD99710026F48C /* FeaturedCell.swift */,
				7C05CF1A1CAD99A20026F48C /* NetworkCell.swift */,
			);
			name = View;
			sourceTree = "<group>";
		};
		7C83062C1CAC753500400035 /* Model */ = {
			isa = PBXGroup;
			children = (
				7C6468241CA9072A00BB1B83 /* Clout.xcdatamodeld */,
				7C05CF261CADA7490026F48C /* NBBusiness.swift */,
				7C05CF241CADA73A0026F48C /* FBusiness.swift */,
				7C05CF221CADA71E0026F48C /* NWClouter.swift */,
			);
			name = Model;
			sourceTree = "<group>";
		};
/* End PBXGroup section */

/* Begin PBXNativeTarget section */
		7C6468191CA9072900BB1B83 /* Clout */ = {
			isa = PBXNativeTarget;
			buildConfigurationList = 7C64682F1CA9072A00BB1B83 /* Build configuration list for PBXNativeTarget "Clout" */;
			buildPhases = (
				7C6468161CA9072900BB1B83 /* Sources */,
				7C6468171CA9072900BB1B83 /* Frameworks */,
				7C6468181CA9072900BB1B83 /* Resources */,
			);
			buildRules = (
			);
			dependencies = (
			);
			name = Clout;
			productName = Clout;
			productReference = 7C64681A1CA9072900BB1B83 /* Clout.app */;
			productType = "com.apple.product-type.application";
		};
/* End PBXNativeTarget section */

/* Begin PBXProject section */
		7C6468121CA9072900BB1B83 /* Project object */ = {
			isa = PBXProject;
			attributes = {
				LastSwiftUpdateCheck = 0730;
				LastUpgradeCheck = 0730;
				ORGANIZATIONNAME = "Kilo Loco";
				TargetAttributes = {
					7C6468191CA9072900BB1B83 = {
						CreatedOnToolsVersion = 7.3;
						DevelopmentTeam = 5K99777NES;
					};
				};
			};
			buildConfigurationList = 7C6468151CA9072900BB1B83 /* Build configuration list for PBXProject "Clout" */;
			compatibilityVersion = "Xcode 3.2";
			developmentRegion = English;
			hasScannedForEncodings = 0;
			knownRegions = (
				en,
				Base,
			);
			mainGroup = 7C6468111CA9072900BB1B83;
			productRefGroup = 7C64681B1CA9072900BB1B83 /* Products */;
			projectDirPath = "";
			projectRoot = "";
			targets = (
				7C6468191CA9072900BB1B83 /* Clout */,
			);
		};
/* End PBXProject section */

/* Begin PBXResourcesBuildPhase section */
		7C6468181CA9072900BB1B83 /* Resources */ = {
			isa = PBXResourcesBuildPhase;
			buildActionMask = 2147483647;
			files = (
				7C05CF291CADAD770026F48C /* clouter.jpg in Resources */,
				7C64682B1CA9072A00BB1B83 /* LaunchScreen.storyboard in Resources */,
				7C6468281CA9072A00BB1B83 /* Assets.xcassets in Resources */,
				7C6468231CA9072A00BB1B83 /* Main.storyboard in Resources */,
			);
			runOnlyForDeploymentPostprocessing = 0;
		};
/* End PBXResourcesBuildPhase section */

/* Begin PBXSourcesBuildPhase section */
		7C6468161CA9072900BB1B83 /* Sources */ = {
			isa = PBXSourcesBuildPhase;
			buildActionMask = 2147483647;
			files = (
				7C05CF231CADA71E0026F48C /* NWClouter.swift in Sources */,
				7C6468261CA9072A00BB1B83 /* Clout.xcdatamodeld in Sources */,
				7C05CF271CADA7490026F48C /* NBBusiness.swift in Sources */,
				7C05CF1B1CAD99A20026F48C /* NetworkCell.swift in Sources */,
				7C6468201CA9072A00BB1B83 /* ViewController.swift in Sources */,
				7C05CF251CADA73A0026F48C /* FBusiness.swift in Sources */,
				7C05CF211CAD9A9F0026F48C /* NetworkVC.swift in Sources */,
				7C05CF1D1CAD99F60026F48C /* NearbyVC.swift in Sources */,
				7C05CF171CAD991D0026F48C /* NearbyCell.swift in Sources */,
				7C05CF1F1CAD9A620026F48C /* FeatureVC.swift in Sources */,
				7C05CF191CAD99710026F48C /* FeaturedCell.swift in Sources */,
				7C64681E1CA9072A00BB1B83 /* AppDelegate.swift in Sources */,
				7C05CF151CAD95E70026F48C /* CommonVC.swift in Sources */,
			);
			runOnlyForDeploymentPostprocessing = 0;
		};
/* End PBXSourcesBuildPhase section */

/* Begin PBXVariantGroup section */
		7C6468211CA9072A00BB1B83 /* Main.storyboard */ = {
			isa = PBXVariantGroup;
			children = (
				7C6468221CA9072A00BB1B83 /* Base */,
			);
			name = Main.storyboard;
			sourceTree = "<group>";
		};
		7C6468291CA9072A00BB1B83 /* LaunchScreen.storyboard */ = {
			isa = PBXVariantGroup;
			children = (
				7C64682A1CA9072A00BB1B83 /* Base */,
			);
			name = LaunchScreen.storyboard;
			sourceTree = "<group>";
		};
/* End PBXVariantGroup section */

/* Begin XCBuildConfiguration section */
		7C64682D1CA9072A00BB1B83 /* Debug */ = {
			isa = XCBuildConfiguration;
			buildSettings = {
				ALWAYS_SEARCH_USER_PATHS = NO;
				CLANG_ANALYZER_NONNULL = YES;
				CLANG_CXX_LANGUAGE_STANDARD = "gnu++0x";
				CLANG_CXX_LIBRARY = "libc++";
				CLANG_ENABLE_MODULES = YES;
				CLANG_ENABLE_OBJC_ARC = YES;
				CLANG_WARN_BOOL_CONVERSION = YES;
				CLANG_WARN_CONSTANT_CONVERSION = YES;
				CLANG_WARN_DIRECT_OBJC_ISA_USAGE = YES_ERROR;
				CLANG_WARN_EMPTY_BODY = YES;
				CLANG_WARN_ENUM_CONVERSION = YES;
				CLANG_WARN_INT_CONVERSION = YES;
				CLANG_WARN_OBJC_ROOT_CLASS = YES_ERROR;
				CLANG_WARN_UNREACHABLE_CODE = YES;
				CLANG_WARN__DUPLICATE_METHOD_MATCH = YES;
				"CODE_SIGN_IDENTITY[sdk=iphoneos*]" = "iPhone Developer";
				COPY_PHASE_STRIP = NO;
				DEBUG_INFORMATION_FORMAT = dwarf;
				ENABLE_STRICT_OBJC_MSGSEND = YES;
				ENABLE_TESTABILITY = YES;
				GCC_C_LANGUAGE_STANDARD = gnu99;
				GCC_DYNAMIC_NO_PIC = NO;
				GCC_NO_COMMON_BLOCKS = YES;
				GCC_OPTIMIZATION_LEVEL = 0;
				GCC_PREPROCESSOR_DEFINITIONS = (
					"DEBUG=1",
					"$(inherited)",
				);
				GCC_WARN_64_TO_32_BIT_CONVERSION = YES;
				GCC_WARN_ABOUT_RETURN_TYPE = YES_ERROR;
				GCC_WARN_UNDECLARED_SELECTOR = YES;
				GCC_WARN_UNINITIALIZED_AUTOS = YES_AGGRESSIVE;
				GCC_WARN_UNUSED_FUNCTION = YES;
				GCC_WARN_UNUSED_VARIABLE = YES;
				IPHONEOS_DEPLOYMENT_TARGET = 9.3;
				MTL_ENABLE_DEBUG_INFO = YES;
				ONLY_ACTIVE_ARCH = YES;
				SDKROOT = iphoneos;
				SWIFT_OPTIMIZATION_LEVEL = "-Onone";
				TARGETED_DEVICE_FAMILY = "1,2";
			};
			name = Debug;
		};
		7C64682E1CA9072A00BB1B83 /* Release */ = {
			isa = XCBuildConfiguration;
			buildSettings = {
				ALWAYS_SEARCH_USER_PATHS = NO;
				CLANG_ANALYZER_NONNULL = YES;
				CLANG_CXX_LANGUAGE_STANDARD = "gnu++0x";
				CLANG_CXX_LIBRARY = "libc++";
				CLANG_ENABLE_MODULES = YES;
				CLANG_ENABLE_OBJC_ARC = YES;
				CLANG_WARN_BOOL_CONVERSION = YES;
				CLANG_WARN_CONSTANT_CONVERSION = YES;
				CLANG_WARN_DIRECT_OBJC_ISA_USAGE = YES_ERROR;
				CLANG_WARN_EMPTY_BODY = YES;
				CLANG_WARN_ENUM_CONVERSION = YES;
				CLANG_WARN_INT_CONVERSION = YES;
				CLANG_WARN_OBJC_ROOT_CLASS = YES_ERROR;
				CLANG_WARN_UNREACHABLE_CODE = YES;
				CLANG_WARN__DUPLICATE_METHOD_MATCH = YES;
				"CODE_SIGN_IDENTITY[sdk=iphoneos*]" = "iPhone Developer";
				COPY_PHASE_STRIP = NO;
				DEBUG_INFORMATION_FORMAT = "dwarf-with-dsym";
				ENABLE_NS_ASSERTIONS = NO;
				ENABLE_STRICT_OBJC_MSGSEND = YES;
				GCC_C_LANGUAGE_STANDARD = gnu99;
				GCC_NO_COMMON_BLOCKS = YES;
				GCC_WARN_64_TO_32_BIT_CONVERSION = YES;
				GCC_WARN_ABOUT_RETURN_TYPE = YES_ERROR;
				GCC_WARN_UNDECLARED_SELECTOR = YES;
				GCC_WARN_UNINITIALIZED_AUTOS = YES_AGGRESSIVE;
				GCC_WARN_UNUSED_FUNCTION = YES;
				GCC_WARN_UNUSED_VARIABLE = YES;
				IPHONEOS_DEPLOYMENT_TARGET = 9.3;
				MTL_ENABLE_DEBUG_INFO = NO;
				SDKROOT = iphoneos;
				TARGETED_DEVICE_FAMILY = "1,2";
				VALIDATE_PRODUCT = YES;
			};
			name = Release;
		};
		7C6468301CA9072A00BB1B83 /* Debug */ = {
			isa = XCBuildConfiguration;
			buildSettings = {
				ASSETCATALOG_COMPILER_APPICON_NAME = AppIcon;
				CODE_SIGN_IDENTITY = "iPhone Developer";
				INFOPLIST_FILE = Clout/Info.plist;
				IPHONEOS_DEPLOYMENT_TARGET = 9.0;
				LD_RUNPATH_SEARCH_PATHS = "$(inherited) @executable_path/Frameworks";
				PRODUCT_BUNDLE_IDENTIFIER = com.kiloloco.Clout;
				PRODUCT_NAME = "$(TARGET_NAME)";
			};
			name = Debug;
		};
		7C6468311CA9072A00BB1B83 /* Release */ = {
			isa = XCBuildConfiguration;
			buildSettings = {
				ASSETCATALOG_COMPILER_APPICON_NAME = AppIcon;
				CODE_SIGN_IDENTITY = "iPhone Developer";
				INFOPLIST_FILE = Clout/Info.plist;
				IPHONEOS_DEPLOYMENT_TARGET = 9.0;
				LD_RUNPATH_SEARCH_PATHS = "$(inherited) @executable_path/Frameworks";
				PRODUCT_BUNDLE_IDENTIFIER = com.kiloloco.Clout;
				PRODUCT_NAME = "$(TARGET_NAME)";
			};
			name = Release;
		};
/* End XCBuildConfiguration section */

/* Begin XCConfigurationList section */
		7C6468151CA9072900BB1B83 /* Build configuration list for PBXProject "Clout" */ = {
			isa = XCConfigurationList;
			buildConfigurations = (
				7C64682D1CA9072A00BB1B83 /* Debug */,
				7C64682E1CA9072A00BB1B83 /* Release */,
			);
			defaultConfigurationIsVisible = 0;
			defaultConfigurationName = Release;
		};
		7C64682F1CA9072A00BB1B83 /* Build configuration list for PBXNativeTarget "Clout" */ = {
			isa = XCConfigurationList;
			buildConfigurations = (
				7C6468301CA9072A00BB1B83 /* Debug */,
				7C6468311CA9072A00BB1B83 /* Release */,
			);
			defaultConfigurationIsVisible = 0;
			defaultConfigurationName = Release;
		};
/* End XCConfigurationList section */

/* Begin XCVersionGroup section */
		7C6468241CA9072A00BB1B83 /* Clout.xcdatamodeld */ = {
			isa = XCVersionGroup;
			children = (
				7C6468251CA9072A00BB1B83 /* Clout.xcdatamodel */,
			);
			currentVersion = 7C6468251CA9072A00BB1B83 /* Clout.xcdatamodel */;
			path = Clout.xcdatamodeld;
			sourceTree = "<group>";
			versionGroupType = wrapper.xcdatamodel;
		};
/* End XCVersionGroup section */
	};
	rootObject = 7C6468121CA9072900BB1B83 /* Project object */;
}
